
Microsoft Visual Studio Solution File, Format Version 12.00
# Visual Studio Version 17
VisualStudioVersion = 17.5.33627.172
MinimumVisualStudioVersion = 10.0.40219.1
Project("{FAE04EC0-301F-11D3-BF4B-00C04F79EFBC}") = "CalenderProject", "CalenderProject\CalenderProject.csproj", "{D1978570-5143-4A9E-BDEE-70EBD6828A30}"
EndProject
Global
	GlobalSection(SolutionConfigurationPlatforms) = preSolution
		Debug|Any CPU = Debug|Any CPU
		Release|Any CPU = Release|Any CPU
	EndGlobalSection
	GlobalSection(ProjectConfigurationPlatforms) = postSolution
		{D1978570-5143-4A9E-BDEE-70EBD6828A30}.Debug|Any CPU.ActiveCfg = Debug|Any CPU
		{D1978570-5143-4A9E-BDEE-70EBD6828A30}.Debug|Any CPU.Build.0 = Debug|Any CPU
		{D1978570-5143-4A9E-BDEE-70EBD6828A30}.Release|Any CPU.ActiveCfg = Release|Any CPU
		{D1978570-5143-4A9E-BDEE-70EBD6828A30}.Release|Any CPU.Build.0 = Release|Any CPU
	EndGlobalSection
	GlobalSection(SolutionProperties) = preSolution
		HideSolutionNode = FALSE
	EndGlobalSection
	GlobalSection(ExtensibilityGlobals) = postSolution
		SolutionGuid = {26599709-6A74-4924-85DC-914D59E58C3B}
	EndGlobalSection
EndGlobal
